// !$*UTF8*$!
{
	archiveVersion = 1;
	classes = {
	};
	objectVersion = 48;
	objects = {

/* Begin PBXBuildFile section */
		2ABE47B9218104EC003FD71C /* AppDelegate.swift in Sources */ = {isa = PBXBuildFile; fileRef = 2ABE47B8218104EC003FD71C /* AppDelegate.swift */; };
		2ABE47BB218104EC003FD71C /* ViewController.swift in Sources */ = {isa = PBXBuildFile; fileRef = 2ABE47BA218104EC003FD71C /* ViewController.swift */; };
		2ABE47BE218104EC003FD71C /* Main.storyboard in Resources */ = {isa = PBXBuildFile; fileRef = 2ABE47BC218104EC003FD71C /* Main.storyboard */; };
		2ABE47C1218104EC003FD71C /* Snapchat.xcdatamodeld in Sources */ = {isa = PBXBuildFile; fileRef = 2ABE47BF218104EC003FD71C /* Snapchat.xcdatamodeld */; };
		2ABE47C3218104EC003FD71C /* Assets.xcassets in Resources */ = {isa = PBXBuildFile; fileRef = 2ABE47C2218104EC003FD71C /* Assets.xcassets */; };
		2ABE47C6218104EC003FD71C /* LaunchScreen.storyboard in Resources */ = {isa = PBXBuildFile; fileRef = 2ABE47C4218104EC003FD71C /* LaunchScreen.storyboard */; };
/* End PBXBuildFile section */

/* Begin PBXFileReference section */
		2ABE47B5218104EC003FD71C /* Snapchat.app */ = {isa = PBXFileReference; explicitFileType = wrapper.application; includeInIndex = 0; path = Snapchat.app; sourceTree = BUILT_PRODUCTS_DIR; };
		2ABE47B8218104EC003FD71C /* AppDelegate.swift */ = {isa = PBXFileReference; lastKnownFileType = sourcecode.swift; path = AppDelegate.swift; sourceTree = "<group>"; };
		2ABE47BA218104EC003FD71C /* ViewController.swift */ = {isa = PBXFileReference; lastKnownFileType = sourcecode.swift; path = ViewController.swift; sourceTree = "<group>"; };
		2ABE47BD218104EC003FD71C /* Base */ = {isa = PBXFileReference; lastKnownFileType = file.storyboard; name = Base; path = Base.lproj/Main.storyboard; sourceTree = "<group>"; };
		2ABE47C0218104EC003FD71C /* Snapchat.xcdatamodel */ = {isa = PBXFileReference; lastKnownFileType = wrapper.xcdatamodel; path = Snapchat.xcdatamodel; sourceTree = "<group>"; };
		2ABE47C2218104EC003FD71C /* Assets.xcassets */ = {isa = PBXFileReference; lastKnownFileType = folder.assetcatalog; path = Assets.xcassets; sourceTree = "<group>"; };
		2ABE47C5218104EC003FD71C /* Base */ = {isa = PBXFileReference; lastKnownFileType = file.storyboard; name = Base; path = Base.lproj/LaunchScreen.storyboard; sourceTree = "<group>"; };
		2ABE47C7218104EC003FD71C /* Info.plist */ = {isa = PBXFileReference; lastKnownFileType = text.plist.xml; path = Info.plist; sourceTree = "<group>"; };
/* End PBXFileReference section */

/* Begin PBXFrameworksBuildPhase section */
		2ABE47B2218104EC003FD71C /* Frameworks */ = {
			isa = PBXFrameworksBuildPhase;
			buildActionMask = 2147483647;
			files = (
			);
			runOnlyForDeploymentPostprocessing = 0;
		};
/* End PBXFrameworksBuildPhase section */

/* Begin PBXGroup section */
		2ABE47AC218104EC003FD71C = {
			isa = PBXGroup;
			children = (
				2ABE47B7218104EC003FD71C /* Snapchat */,
				2ABE47B6218104EC003FD71C /* Products */,
			);
			sourceTree = "<group>";
		};
		2ABE47B6218104EC003FD71C /* Products */ = {
			isa = PBXGroup;
			children = (
				2ABE47B5218104EC003FD71C /* Snapchat.app */,
			);
			name = Products;
			sourceTree = "<group>";
		};
		2ABE47B7218104EC003FD71C /* Snapchat */ = {
			isa = PBXGroup;
			children = (
				2ABE47B8218104EC003FD71C /* AppDelegate.swift */,
				2ABE47BA218104EC003FD71C /* ViewController.swift */,
				2ABE47BC218104EC003FD71C /* Main.storyboard */,
				2ABE47C2218104EC003FD71C /* Assets.xcassets */,
				2ABE47C4218104EC003FD71C /* LaunchScreen.storyboard */,
				2ABE47C7218104EC003FD71C /* Info.plist */,
				2ABE47BF218104EC003FD71C /* Snapchat.xcdatamodeld */,
			);
			path = Snapchat;
			sourceTree = "<group>";
		};
/* End PBXGroup section */

/* Begin PBXNativeTarget section */
		2ABE47B4218104EC003FD71C /* Snapchat */ = {
			isa = PBXNativeTarget;
			buildConfigurationList = 2ABE47CA218104EC003FD71C /* Build configuration list for PBXNativeTarget "Snapchat" */;
			buildPhases = (
				2ABE47B1218104EC003FD71C /* Sources */,
				2ABE47B2218104EC003FD71C /* Frameworks */,
				2ABE47B3218104EC003FD71C /* Resources */,
			);
			buildRules = (
			);
			dependencies = (
			);
			name = Snapchat;
			productName = Snapchat;
			productReference = 2ABE47B5218104EC003FD71C /* Snapchat.app */;
			productType = "com.apple.product-type.application";
		};
/* End PBXNativeTarget section */

/* Begin PBXProject section */
		2ABE47AD218104EC003FD71C /* Project object */ = {
			isa = PBXProject;
			attributes = {
				LastSwiftUpdateCheck = 0920;
				LastUpgradeCheck = 0920;
				ORGANIZATIONNAME = Tecsup;
				TargetAttributes = {
					2ABE47B4218104EC003FD71C = {
						CreatedOnToolsVersion = 9.2;
						ProvisioningStyle = Automatic;
					};
				};
			};
			buildConfigurationList = 2ABE47B0218104EC003FD71C /* Build configuration list for PBXProject "Snapchat" */;
			compatibilityVersion = "Xcode 8.0";
			developmentRegion = en;
			hasScannedForEncodings = 0;
			knownRegions = (
				en,
				Base,
			);
			mainGroup = 2ABE47AC218104EC003FD71C;
			productRefGroup = 2ABE47B6218104EC003FD71C /* Products */;
			projectDirPath = "";
			projectRoot = "";
			targets = (
				2ABE47B4218104EC003FD71C /* Snapchat */,
			);
		};
/* End PBXProject section */

/* Begin PBXResourcesBuildPhase section */
		2ABE47B3218104EC003FD71C /* Resources */ = {
			isa = PBXResourcesBuildPhase;
			buildActionMask = 2147483647;
			files = (
				2ABE47C6218104EC003FD71C /* LaunchScreen.storyboard in Resources */,
				2ABE47C3218104EC003FD71C /* Assets.xcassets in Resources */,
				2ABE47BE218104EC003FD71C /* Main.storyboard in Resources */,
			);
			runOnlyForDeploymentPostprocessing = 0;
		};
/* End PBXResourcesBuildPhase section */

/* Begin PBXSourcesBuildPhase section */
		2ABE47B1218104EC003FD71C /* Sources */ = {
			isa = PBXSourcesBuildPhase;
			buildActionMask = 2147483647;
			files = (
				2ABE47BB218104EC003FD71C /* ViewController.swift in Sources */,
				2ABE47C1218104EC003FD71C /* Snapchat.xcdatamodeld in Sources */,
				2ABE47B9218104EC003FD71C /* AppDelegate.swift in Sources */,
			);
			runOnlyForDeploymentPostprocessing = 0;
		};
/* End PBXSourcesBuildPhase section */

/* Begin PBXVariantGroup section */
		2ABE47BC218104EC003FD71C /* Main.storyboard */ = {
			isa = PBXVariantGroup;
			children = (
				2ABE47BD218104EC003FD71C /* Base */,
			);
			name = Main.storyboard;
			sourceTree = "<group>";
		};
		2ABE47C4218104EC003FD71C /* LaunchScreen.storyboard */ = {
			isa = PBXVariantGroup;
			children = (
				2ABE47C5218104EC003FD71C /* Base */,
			);
			name = LaunchScreen.storyboard;
			sourceTree = "<group>";
		};
/* End PBXVariantGroup section */

/* Begin XCBuildConfiguration section */
		2ABE47C8218104EC003FD71C /* Debug */ = {
			isa = XCBuildConfiguration;
			buildSettings = {
				ALWAYS_SEARCH_USER_PATHS = NO;
				CLANG_ANALYZER_NONNULL = YES;
				CLANG_ANALYZER_NUMBER_OBJECT_CONVERSION = YES_AGGRESSIVE;
				CLANG_CXX_LANGUAGE_STANDARD = "gnu++14";
				CLANG_CXX_LIBRARY = "libc++";
				CLANG_ENABLE_MODULES = YES;
				CLANG_ENABLE_OBJC_ARC = YES;
				CLANG_WARN_BLOCK_CAPTURE_AUTORELEASING = YES;
				CLANG_WARN_BOOL_CONVERSION = YES;
				CLANG_WARN_COMMA = YES;
				CLANG_WARN_CONSTANT_CONVERSION = YES;
				CLANG_WARN_DIRECT_OBJC_ISA_USAGE = YES_ERROR;
				CLANG_WARN_DOCUMENTATION_COMMENTS = YES;
				CLANG_WARN_EMPTY_BODY = YES;
				CLANG_WARN_ENUM_CONVERSION = YES;
				CLANG_WARN_INFINITE_RECURSION = YES;
				CLANG_WARN_INT_CONVERSION = YES;
				CLANG_WARN_NON_LITERAL_NULL_CONVERSION = YES;
				CLANG_WARN_OBJC_LITERAL_CONVERSION = YES;
				CLANG_WARN_OBJC_ROOT_CLASS = YES_ERROR;
				CLANG_WARN_RANGE_LOOP_ANALYSIS = YES;
				CLANG_WARN_STRICT_PROTOTYPES = YES;
				CLANG_WARN_SUSPICIOUS_MOVE = YES;
				CLANG_WARN_UNGUARDED_AVAILABILITY = YES_AGGRESSIVE;
				CLANG_WARN_UNREACHABLE_CODE = YES;
				CLANG_WARN__DUPLICATE_METHOD_MATCH = YES;
				CODE_SIGN_IDENTITY = "iPhone Developer";
				COPY_PHASE_STRIP = NO;
				DEBUG_INFORMATION_FORMAT = dwarf;
				ENABLE_STRICT_OBJC_MSGSEND = YES;
				ENABLE_TESTABILITY = YES;
				GCC_C_LANGUAGE_STANDARD = gnu11;
				GCC_DYNAMIC_NO_PIC = NO;
				GCC_NO_COMMON_BLOCKS = YES;
				GCC_OPTIMIZATION_LEVEL = 0;
				GCC_PREPROCESSOR_DEFINITIONS = (
					"DEBUG=1",
					"$(inherited)",
				);
				GCC_WARN_64_TO_32_BIT_CONVERSION = YES;
				GCC_WARN_ABOUT_RETURN_TYPE = YES_ERROR;
				GCC_WARN_UNDECLARED_SELECTOR = YES;
				GCC_WARN_UNINITIALIZED_AUTOS = YES_AGGRESSIVE;
				GCC_WARN_UNUSED_FUNCTION = YES;
				GCC_WARN_UNUSED_VARIABLE = YES;
				IPHONEOS_DEPLOYMENT_TARGET = 11.2;
				MTL_ENABLE_DEBUG_INFO = YES;
				ONLY_ACTIVE_ARCH = YES;
				SDKROOT = iphoneos;
				SWIFT_ACTIVE_COMPILATION_CONDITIONS = DEBUG;
				SWIFT_OPTIMIZATION_LEVEL = "-Onone";
			};
			name = Debug;
		};
		2ABE47C9218104EC003FD71C /* Release */ = {
			isa = XCBuildConfiguration;
			buildSettings = {
				ALWAYS_SEARCH_USER_PATHS = NO;
				CLANG_ANALYZER_NONNULL = YES;
				CLANG_ANALYZER_NUMBER_OBJECT_CONVERSION = YES_AGGRESSIVE;
				CLANG_CXX_LANGUAGE_STANDARD = "gnu++14";
				CLANG_CXX_LIBRARY = "libc++";
				CLANG_ENABLE_MODULES = YES;
				CLANG_ENABLE_OBJC_ARC = YES;
				CLANG_WARN_BLOCK_CAPTURE_AUTORELEASING = YES;
				CLANG_WARN_BOOL_CONVERSION = YES;
				CLANG_WARN_COMMA = YES;
				CLANG_WARN_CONSTANT_CONVERSION = YES;
				CLANG_WARN_DIRECT_OBJC_ISA_USAGE = YES_ERROR;
				CLANG_WARN_DOCUMENTATION_COMMENTS = YES;
				CLANG_WARN_EMPTY_BODY = YES;
				CLANG_WARN_ENUM_CONVERSION = YES;
				CLANG_WARN_INFINITE_RECURSION = YES;
				CLANG_WARN_INT_CONVERSION = YES;
				CLANG_WARN_NON_LITERAL_NULL_CONVERSION = YES;
				CLANG_WARN_OBJC_LITERAL_CONVERSION = YES;
				CLANG_WARN_OBJC_ROOT_CLASS = YES_ERROR;
				CLANG_WARN_RANGE_LOOP_ANALYSIS = YES;
				CLANG_WARN_STRICT_PROTOTYPES = YES;
				CLANG_WARN_SUSPICIOUS_MOVE = YES;
				CLANG_WARN_UNGUARDED_AVAILABILITY = YES_AGGRESSIVE;
				CLANG_WARN_UNREACHABLE_CODE = YES;
				CLANG_WARN__DUPLICATE_METHOD_MATCH = YES;
				CODE_SIGN_IDENTITY = "iPhone Developer";
				COPY_PHASE_STRIP = NO;
				DEBUG_INFORMATION_FORMAT = "dwarf-with-dsym";
				ENABLE_NS_ASSERTIONS = NO;
				ENABLE_STRICT_OBJC_MSGSEND = YES;
				GCC_C_LANGUAGE_STANDARD = gnu11;
				GCC_NO_COMMON_BLOCKS = YES;
				GCC_WARN_64_TO_32_BIT_CONVERSION = YES;
				GCC_WARN_ABOUT_RETURN_TYPE = YES_ERROR;
				GCC_WARN_UNDECLARED_SELECTOR = YES;
				GCC_WARN_UNINITIALIZED_AUTOS = YES_AGGRESSIVE;
				GCC_WARN_UNUSED_FUNCTION = YES;
				GCC_WARN_UNUSED_VARIABLE = YES;
				IPHONEOS_DEPLOYMENT_TARGET = 11.2;
				MTL_ENABLE_DEBUG_INFO = NO;
				SDKROOT = iphoneos;
				SWIFT_OPTIMIZATION_LEVEL = "-Owholemodule";
				VALIDATE_PRODUCT = YES;
			};
			name = Release;
		};
		2ABE47CB218104EC003FD71C /* Debug */ = {
			isa = XCBuildConfiguration;
			buildSettings = {
				ASSETCATALOG_COMPILER_APPICON_NAME = AppIcon;
				CODE_SIGN_STYLE = Automatic;
				DEVELOPMENT_TEAM = T4RN7Q3TT9;
				INFOPLIST_FILE = Snapchat/Info.plist;
				LD_RUNPATH_SEARCH_PATHS = "$(inherited) @executable_path/Frameworks";
				PRODUCT_BUNDLE_IDENTIFIER = com.tecsup.Snapchat;
				PRODUCT_NAME = "$(TARGET_NAME)";
				SWIFT_VERSION = 4.0;
				TARGETED_DEVICE_FAMILY = "1,2";
			};
			name = Debug;
		};
		2ABE47CC218104EC003FD71C /* Release */ = {
			isa = XCBuildConfiguration;
			buildSettings = {
				ASSETCATALOG_COMPILER_APPICON_NAME = AppIcon;
				CODE_SIGN_STYLE = Automatic;
				DEVELOPMENT_TEAM = T4RN7Q3TT9;
				INFOPLIST_FILE = Snapchat/Info.plist;
				LD_RUNPATH_SEARCH_PATHS = "$(inherited) @executable_path/Frameworks";
				PRODUCT_BUNDLE_IDENTIFIER = com.tecsup.Snapchat;
				PRODUCT_NAME = "$(TARGET_NAME)";
				SWIFT_VERSION = 4.0;
				TARGETED_DEVICE_FAMILY = "1,2";
			};
			name = Release;
		};
/* End XCBuildConfiguration section */

/* Begin XCConfigurationList section */
		2ABE47B0218104EC003FD71C /* Build configuration list for PBXProject "Snapchat" */ = {
			isa = XCConfigurationList;
			buildConfigurations = (
				2ABE47C8218104EC003FD71C /* Debug */,
				2ABE47C9218104EC003FD71C /* Release */,
			);
			defaultConfigurationIsVisible = 0;
			defaultConfigurationName = Release;
		};
		2ABE47CA218104EC003FD71C /* Build configuration list for PBXNativeTarget "Snapchat" */ = {
			isa = XCConfigurationList;
			buildConfigurations = (
				2ABE47CB218104EC003FD71C /* Debug */,
				2ABE47CC218104EC003FD71C /* Release */,
			);
			defaultConfigurationIsVisible = 0;
			defaultConfigurationName = Release;
		};
/* End XCConfigurationList section */

/* Begin XCVersionGroup section */
		2ABE47BF218104EC003FD71C /* Snapchat.xcdatamodeld */ = {
			isa = XCVersionGroup;
			children = (
				2ABE47C0218104EC003FD71C /* Snapchat.xcdatamodel */,
			);
			currentVersion = 2ABE47C0218104EC003FD71C /* Snapchat.xcdatamodel */;
			path = Snapchat.xcdatamodeld;
			sourceTree = "<group>";
			versionGroupType = wrapper.xcdatamodel;
		};
/* End XCVersionGroup section */
	};
	rootObject = 2ABE47AD218104EC003FD71C /* Project object */;
}
